
Microsoft Visual Studio Solution File, Format Version 12.00
# Visual Studio Version 17
VisualStudioVersion = 17.3.32811.315
MinimumVisualStudioVersion = 10.0.40219.1
Project("{8BC9CEB8-8B4A-11D0-8D11-00A0C91BC942}") = "Code_Academy_CPP", "Code_Academy_CPP.vcxproj", "{FFAE6A17-0643-478D-9FE4-2837EAF274E1}"
EndProject
Global
	GlobalSection(SolutionConfigurationPlatforms) = preSolution
		Debug|x64 = Debug|x64
		Debug|x86 = Debug|x86
		Release|x64 = Release|x64
		Release|x86 = Release|x86
	EndGlobalSection
	GlobalSection(ProjectConfigurationPlatforms) = postSolution
		{FFAE6A17-0643-478D-9FE4-2837EAF274E1}.Debug|x64.ActiveCfg = Debug|x64
		{FFAE6A17-0643-478D-9FE4-2837EAF274E1}.Debug|x64.Build.0 = Debug|x64
		{FFAE6A17-0643-478D-9FE4-2837EAF274E1}.Debug|x86.ActiveCfg = Debug|Win32
		{FFAE6A17-0643-478D-9FE4-2837EAF274E1}.Debug|x86.Build.0 = Debug|Win32
		{FFAE6A17-0643-478D-9FE4-2837EAF274E1}.Release|x64.ActiveCfg = Release|x64
		{FFAE6A17-0643-478D-9FE4-2837EAF274E1}.Release|x64.Build.0 = Release|x64
		{FFAE6A17-0643-478D-9FE4-2837EAF274E1}.Release|x86.ActiveCfg = Release|Win32
		{FFAE6A17-0643-478D-9FE4-2837EAF274E1}.Release|x86.Build.0 = Release|Win32
	EndGlobalSection
	GlobalSection(SolutionProperties) = preSolution
		HideSolutionNode = FALSE
	EndGlobalSection
	GlobalSection(ExtensibilityGlobals) = postSolution
		SolutionGuid = {638A0897-4FB0-4FA5-9B39-6B8C06459520}
	EndGlobalSection
EndGlobal
